// !$*UTF8*$!
{
	archiveVersion = 1;
	classes = {
	};
	objectVersion = 77;
	objects = {

/* Begin PBXBuildFile section */
		B6D4C75D2D3A6FE400AB1951 /* Lottie in Frameworks */ = {isa = PBXBuildFile; productRef = B6D4C75C2D3A6FE400AB1951 /* Lottie */; };
		B6D4C7632D3A735400AB1951 /* SnapKit in Frameworks */ = {isa = PBXBuildFile; productRef = B6D4C7622D3A735400AB1951 /* SnapKit */; };
/* End PBXBuildFile section */

/* Begin PBXContainerItemProxy section */
		B6D4C7392D3A6DC900AB1951 /* PBXContainerItemProxy */ = {
			isa = PBXContainerItemProxy;
			containerPortal = B6D4C71A2D3A6DC800AB1951 /* Project object */;
			proxyType = 1;
			remoteGlobalIDString = B6D4C7212D3A6DC800AB1951;
			remoteInfo = GitSwiftList;
		};
		B6D4C7432D3A6DC900AB1951 /* PBXContainerItemProxy */ = {
			isa = PBXContainerItemProxy;
			containerPortal = B6D4C71A2D3A6DC800AB1951 /* Project object */;
			proxyType = 1;
			remoteGlobalIDString = B6D4C7212D3A6DC800AB1951;
			remoteInfo = GitSwiftList;
		};
/* End PBXContainerItemProxy section */

/* Begin PBXFileReference section */
		B6D4C7222D3A6DC800AB1951 /* GitSwiftList.app */ = {isa = PBXFileReference; explicitFileType = wrapper.application; includeInIndex = 0; path = GitSwiftList.app; sourceTree = BUILT_PRODUCTS_DIR; };
		B6D4C7382D3A6DC900AB1951 /* GitSwiftListTests.xctest */ = {isa = PBXFileReference; explicitFileType = wrapper.cfbundle; includeInIndex = 0; path = GitSwiftListTests.xctest; sourceTree = BUILT_PRODUCTS_DIR; };
		B6D4C7422D3A6DC900AB1951 /* GitSwiftListUITests.xctest */ = {isa = PBXFileReference; explicitFileType = wrapper.cfbundle; includeInIndex = 0; path = GitSwiftListUITests.xctest; sourceTree = BUILT_PRODUCTS_DIR; };
/* End PBXFileReference section */

/* Begin PBXFileSystemSynchronizedBuildFileExceptionSet section */
		B6D4C74A2D3A6DC900AB1951 /* Exceptions for "GitSwiftList" folder in "GitSwiftList" target */ = {
			isa = PBXFileSystemSynchronizedBuildFileExceptionSet;
			membershipExceptions = (
				Info.plist,
			);
			target = B6D4C7212D3A6DC800AB1951 /* GitSwiftList */;
		};
/* End PBXFileSystemSynchronizedBuildFileExceptionSet section */

/* Begin PBXFileSystemSynchronizedRootGroup section */
		B6D4C7242D3A6DC800AB1951 /* GitSwiftList */ = {
			isa = PBXFileSystemSynchronizedRootGroup;
			exceptions = (
				B6D4C74A2D3A6DC900AB1951 /* Exceptions for "GitSwiftList" folder in "GitSwiftList" target */,
			);
			path = GitSwiftList;
			sourceTree = "<group>";
		};
		B6D4C73B2D3A6DC900AB1951 /* GitSwiftListTests */ = {
			isa = PBXFileSystemSynchronizedRootGroup;
			path = GitSwiftListTests;
			sourceTree = "<group>";
		};
		B6D4C7452D3A6DC900AB1951 /* GitSwiftListUITests */ = {
			isa = PBXFileSystemSynchronizedRootGroup;
			path = GitSwiftListUITests;
			sourceTree = "<group>";
		};
/* End PBXFileSystemSynchronizedRootGroup section */

/* Begin PBXFrameworksBuildPhase section */
		B6D4C71F2D3A6DC800AB1951 /* Frameworks */ = {
			isa = PBXFrameworksBuildPhase;
			buildActionMask = 2147483647;
			files = (
				B6D4C75D2D3A6FE400AB1951 /* Lottie in Frameworks */,
				B6D4C7632D3A735400AB1951 /* SnapKit in Frameworks */,
			);
			runOnlyForDeploymentPostprocessing = 0;
		};
		B6D4C7352D3A6DC900AB1951 /* Frameworks */ = {
			isa = PBXFrameworksBuildPhase;
			buildActionMask = 2147483647;
			files = (
			);
			runOnlyForDeploymentPostprocessing = 0;
		};
		B6D4C73F2D3A6DC900AB1951 /* Frameworks */ = {
			isa = PBXFrameworksBuildPhase;
			buildActionMask = 2147483647;
			files = (
			);
			runOnlyForDeploymentPostprocessing = 0;
		};
/* End PBXFrameworksBuildPhase section */

/* Begin PBXGroup section */
		B6D4C7192D3A6DC800AB1951 = {
			isa = PBXGroup;
			children = (
				B6D4C7242D3A6DC800AB1951 /* GitSwiftList */,
				B6D4C73B2D3A6DC900AB1951 /* GitSwiftListTests */,
				B6D4C7452D3A6DC900AB1951 /* GitSwiftListUITests */,
				B6D4C7232D3A6DC800AB1951 /* Products */,
			);
			sourceTree = "<group>";
		};
		B6D4C7232D3A6DC800AB1951 /* Products */ = {
			isa = PBXGroup;
			children = (
				B6D4C7222D3A6DC800AB1951 /* GitSwiftList.app */,
				B6D4C7382D3A6DC900AB1951 /* GitSwiftListTests.xctest */,
				B6D4C7422D3A6DC900AB1951 /* GitSwiftListUITests.xctest */,
			);
			name = Products;
			sourceTree = "<group>";
		};
/* End PBXGroup section */

/* Begin PBXNativeTarget section */
		B6D4C7212D3A6DC800AB1951 /* GitSwiftList */ = {
			isa = PBXNativeTarget;
			buildConfigurationList = B6D4C74B2D3A6DC900AB1951 /* Build configuration list for PBXNativeTarget "GitSwiftList" */;
			buildPhases = (
				B6D4C71E2D3A6DC800AB1951 /* Sources */,
				B6D4C71F2D3A6DC800AB1951 /* Frameworks */,
				B6D4C7202D3A6DC800AB1951 /* Resources */,
			);
			buildRules = (
			);
			dependencies = (
			);
			fileSystemSynchronizedGroups = (
				B6D4C7242D3A6DC800AB1951 /* GitSwiftList */,
			);
			name = GitSwiftList;
			packageProductDependencies = (
				B6D4C75C2D3A6FE400AB1951 /* Lottie */,
				B6D4C7622D3A735400AB1951 /* SnapKit */,
			);
			productName = GitSwiftList;
			productReference = B6D4C7222D3A6DC800AB1951 /* GitSwiftList.app */;
			productType = "com.apple.product-type.application";
		};
		B6D4C7372D3A6DC900AB1951 /* GitSwiftListTests */ = {
			isa = PBXNativeTarget;
			buildConfigurationList = B6D4C7502D3A6DC900AB1951 /* Build configuration list for PBXNativeTarget "GitSwiftListTests" */;
			buildPhases = (
				B6D4C7342D3A6DC900AB1951 /* Sources */,
				B6D4C7352D3A6DC900AB1951 /* Frameworks */,
				B6D4C7362D3A6DC900AB1951 /* Resources */,
			);
			buildRules = (
			);
			dependencies = (
				B6D4C73A2D3A6DC900AB1951 /* PBXTargetDependency */,
			);
			fileSystemSynchronizedGroups = (
				B6D4C73B2D3A6DC900AB1951 /* GitSwiftListTests */,
			);
			name = GitSwiftListTests;
			packageProductDependencies = (
			);
			productName = GitSwiftListTests;
			productReference = B6D4C7382D3A6DC900AB1951 /* GitSwiftListTests.xctest */;
			productType = "com.apple.product-type.bundle.unit-test";
		};
		B6D4C7412D3A6DC900AB1951 /* GitSwiftListUITests */ = {
			isa = PBXNativeTarget;
			buildConfigurationList = B6D4C7532D3A6DC900AB1951 /* Build configuration list for PBXNativeTarget "GitSwiftListUITests" */;
			buildPhases = (
				B6D4C73E2D3A6DC900AB1951 /* Sources */,
				B6D4C73F2D3A6DC900AB1951 /* Frameworks */,
				B6D4C7402D3A6DC900AB1951 /* Resources */,
			);
			buildRules = (
			);
			dependencies = (
				B6D4C7442D3A6DC900AB1951 /* PBXTargetDependency */,
			);
			fileSystemSynchronizedGroups = (
				B6D4C7452D3A6DC900AB1951 /* GitSwiftListUITests */,
			);
			name = GitSwiftListUITests;
			packageProductDependencies = (
			);
			productName = GitSwiftListUITests;
			productReference = B6D4C7422D3A6DC900AB1951 /* GitSwiftListUITests.xctest */;
			productType = "com.apple.product-type.bundle.ui-testing";
		};
/* End PBXNativeTarget section */

/* Begin PBXProject section */
		B6D4C71A2D3A6DC800AB1951 /* Project object */ = {
			isa = PBXProject;
			attributes = {
				BuildIndependentTargetsInParallel = 1;
				LastSwiftUpdateCheck = 1620;
				LastUpgradeCheck = 1620;
				TargetAttributes = {
					B6D4C7212D3A6DC800AB1951 = {
						CreatedOnToolsVersion = 16.2;
					};
					B6D4C7372D3A6DC900AB1951 = {
						CreatedOnToolsVersion = 16.2;
						TestTargetID = B6D4C7212D3A6DC800AB1951;
					};
					B6D4C7412D3A6DC900AB1951 = {
						CreatedOnToolsVersion = 16.2;
						TestTargetID = B6D4C7212D3A6DC800AB1951;
					};
				};
			};
			buildConfigurationList = B6D4C71D2D3A6DC800AB1951 /* Build configuration list for PBXProject "GitSwiftList" */;
			developmentRegion = en;
			hasScannedForEncodings = 0;
			knownRegions = (
				en,
				Base,
			);
			mainGroup = B6D4C7192D3A6DC800AB1951;
			minimizedProjectReferenceProxies = 1;
			packageReferences = (
				B6D4C75B2D3A6FE400AB1951 /* XCRemoteSwiftPackageReference "lottie-ios" */,
				B6D4C7612D3A735400AB1951 /* XCRemoteSwiftPackageReference "SnapKit" */,
			);
			preferredProjectObjectVersion = 77;
			productRefGroup = B6D4C7232D3A6DC800AB1951 /* Products */;
			projectDirPath = "";
			projectRoot = "";
			targets = (
				B6D4C7212D3A6DC800AB1951 /* GitSwiftList */,
				B6D4C7372D3A6DC900AB1951 /* GitSwiftListTests */,
				B6D4C7412D3A6DC900AB1951 /* GitSwiftListUITests */,
			);
		};
/* End PBXProject section */

/* Begin PBXResourcesBuildPhase section */
		B6D4C7202D3A6DC800AB1951 /* Resources */ = {
			isa = PBXResourcesBuildPhase;
			buildActionMask = 2147483647;
			files = (
			);
			runOnlyForDeploymentPostprocessing = 0;
		};
		B6D4C7362D3A6DC900AB1951 /* Resources */ = {
			isa = PBXResourcesBuildPhase;
			buildActionMask = 2147483647;
			files = (
			);
			runOnlyForDeploymentPostprocessing = 0;
		};
		B6D4C7402D3A6DC900AB1951 /* Resources */ = {
			isa = PBXResourcesBuildPhase;
			buildActionMask = 2147483647;
			files = (
			);
			runOnlyForDeploymentPostprocessing = 0;
		};
/* End PBXResourcesBuildPhase section */

/* Begin PBXSourcesBuildPhase section */
		B6D4C71E2D3A6DC800AB1951 /* Sources */ = {
			isa = PBXSourcesBuildPhase;
			buildActionMask = 2147483647;
			files = (
			);
			runOnlyForDeploymentPostprocessing = 0;
		};
		B6D4C7342D3A6DC900AB1951 /* Sources */ = {
			isa = PBXSourcesBuildPhase;
			buildActionMask = 2147483647;
			files = (
			);
			runOnlyForDeploymentPostprocessing = 0;
		};
		B6D4C73E2D3A6DC900AB1951 /* Sources */ = {
			isa = PBXSourcesBuildPhase;
			buildActionMask = 2147483647;
			files = (
			);
			runOnlyForDeploymentPostprocessing = 0;
		};
/* End PBXSourcesBuildPhase section */

/* Begin PBXTargetDependency section */
		B6D4C73A2D3A6DC900AB1951 /* PBXTargetDependency */ = {
			isa = PBXTargetDependency;
			target = B6D4C7212D3A6DC800AB1951 /* GitSwiftList */;
			targetProxy = B6D4C7392D3A6DC900AB1951 /* PBXContainerItemProxy */;
		};
		B6D4C7442D3A6DC900AB1951 /* PBXTargetDependency */ = {
			isa = PBXTargetDependency;
			target = B6D4C7212D3A6DC800AB1951 /* GitSwiftList */;
			targetProxy = B6D4C7432D3A6DC900AB1951 /* PBXContainerItemProxy */;
		};
/* End PBXTargetDependency section */

/* Begin XCBuildConfiguration section */
		B6D4C74C2D3A6DC900AB1951 /* Debug */ = {
			isa = XCBuildConfiguration;
			buildSettings = {
				ASSETCATALOG_COMPILER_APPICON_NAME = AppIcon;
				ASSETCATALOG_COMPILER_GLOBAL_ACCENT_COLOR_NAME = AccentColor;
				CODE_SIGN_STYLE = Automatic;
				CURRENT_PROJECT_VERSION = 1;
				GENERATE_INFOPLIST_FILE = YES;
				INFOPLIST_FILE = GitSwiftList/Info.plist;
				INFOPLIST_KEY_UIApplicationSupportsIndirectInputEvents = YES;
				INFOPLIST_KEY_UILaunchStoryboardName = LaunchScreen;
				INFOPLIST_KEY_UISupportedInterfaceOrientations_iPad = "UIInterfaceOrientationPortrait UIInterfaceOrientationPortraitUpsideDown UIInterfaceOrientationLandscapeLeft UIInterfaceOrientationLandscapeRight";
				INFOPLIST_KEY_UISupportedInterfaceOrientations_iPhone = "UIInterfaceOrientationPortrait UIInterfaceOrientationLandscapeLeft UIInterfaceOrientationLandscapeRight";
				LD_RUNPATH_SEARCH_PATHS = (
					"$(inherited)",
					"@executable_path/Frameworks",
				);
				MARKETING_VERSION = 1.0;
				PRODUCT_BUNDLE_IDENTIFIER = com.accborba.GitSwiftList;
				PRODUCT_NAME = "$(TARGET_NAME)";
				SUPPORTED_PLATFORMS = "iphoneos iphonesimulator";
				SUPPORTS_MACCATALYST = NO;
				SUPPORTS_MAC_DESIGNED_FOR_IPHONE_IPAD = NO;
				SUPPORTS_XR_DESIGNED_FOR_IPHONE_IPAD = NO;
				SWIFT_EMIT_LOC_STRINGS = YES;
				SWIFT_VERSION = 5.0;
				TARGETED_DEVICE_FAMILY = 1;
			};
			name = Debug;
		};
		B6D4C74D2D3A6DC900AB1951 /* Release */ = {
			isa = XCBuildConfiguration;
			buildSettings = {
				ASSETCATALOG_COMPILER_APPICON_NAME = AppIcon;
				ASSETCATALOG_COMPILER_GLOBAL_ACCENT_COLOR_NAME = AccentColor;
				CODE_SIGN_STYLE = Automatic;
				CURRENT_PROJECT_VERSION = 1;
				GENERATE_INFOPLIST_FILE = YES;
				INFOPLIST_FILE = GitSwiftList/Info.plist;
				INFOPLIST_KEY_UIApplicationSupportsIndirectInputEvents = YES;
				INFOPLIST_KEY_UILaunchStoryboardName = LaunchScreen;
				INFOPLIST_KEY_UISupportedInterfaceOrientations_iPad = "UIInterfaceOrientationPortrait UIInterfaceOrientationPortraitUpsideDown UIInterfaceOrientationLandscapeLeft UIInterfaceOrientationLandscapeRight";
				INFOPLIST_KEY_UISupportedInterfaceOrientations_iPhone = "UIInterfaceOrientationPortrait UIInterfaceOrientationLandscapeLeft UIInterfaceOrientationLandscapeRight";
				LD_RUNPATH_SEARCH_PATHS = (
					"$(inherited)",
					"@executable_path/Frameworks",
				);
				MARKETING_VERSION = 1.0;
				PRODUCT_BUNDLE_IDENTIFIER = com.accborba.GitSwiftList;
				PRODUCT_NAME = "$(TARGET_NAME)";
				SUPPORTED_PLATFORMS = "iphoneos iphonesimulator";
				SUPPORTS_MACCATALYST = NO;
				SUPPORTS_MAC_DESIGNED_FOR_IPHONE_IPAD = NO;
				SUPPORTS_XR_DESIGNED_FOR_IPHONE_IPAD = NO;
				SWIFT_EMIT_LOC_STRINGS = YES;
				SWIFT_VERSION = 5.0;
				TARGETED_DEVICE_FAMILY = 1;
			};
			name = Release;
		};
		B6D4C74E2D3A6DC900AB1951 /* Debug */ = {
			isa = XCBuildConfiguration;
			buildSettings = {
				ALWAYS_SEARCH_USER_PATHS = NO;
				ASSETCATALOG_COMPILER_GENERATE_SWIFT_ASSET_SYMBOL_EXTENSIONS = YES;
				CLANG_ANALYZER_NONNULL = YES;
				CLANG_ANALYZER_NUMBER_OBJECT_CONVERSION = YES_AGGRESSIVE;
				CLANG_CXX_LANGUAGE_STANDARD = "gnu++20";
				CLANG_ENABLE_MODULES = YES;
				CLANG_ENABLE_OBJC_ARC = YES;
				CLANG_ENABLE_OBJC_WEAK = YES;
				CLANG_WARN_BLOCK_CAPTURE_AUTORELEASING = YES;
				CLANG_WARN_BOOL_CONVERSION = YES;
				CLANG_WARN_COMMA = YES;
				CLANG_WARN_CONSTANT_CONVERSION = YES;
				CLANG_WARN_DEPRECATED_OBJC_IMPLEMENTATIONS = YES;
				CLANG_WARN_DIRECT_OBJC_ISA_USAGE = YES_ERROR;
				CLANG_WARN_DOCUMENTATION_COMMENTS = YES;
				CLANG_WARN_EMPTY_BODY = YES;
				CLANG_WARN_ENUM_CONVERSION = YES;
				CLANG_WARN_INFINITE_RECURSION = YES;
				CLANG_WARN_INT_CONVERSION = YES;
				CLANG_WARN_NON_LITERAL_NULL_CONVERSION = YES;
				CLANG_WARN_OBJC_IMPLICIT_RETAIN_SELF = YES;
				CLANG_WARN_OBJC_LITERAL_CONVERSION = YES;
				CLANG_WARN_OBJC_ROOT_CLASS = YES_ERROR;
				CLANG_WARN_QUOTED_INCLUDE_IN_FRAMEWORK_HEADER = YES;
				CLANG_WARN_RANGE_LOOP_ANALYSIS = YES;
				CLANG_WARN_STRICT_PROTOTYPES = YES;
				CLANG_WARN_SUSPICIOUS_MOVE = YES;
				CLANG_WARN_UNGUARDED_AVAILABILITY = YES_AGGRESSIVE;
				CLANG_WARN_UNREACHABLE_CODE = YES;
				CLANG_WARN__DUPLICATE_METHOD_MATCH = YES;
				COPY_PHASE_STRIP = NO;
				DEBUG_INFORMATION_FORMAT = dwarf;
				ENABLE_STRICT_OBJC_MSGSEND = YES;
				ENABLE_TESTABILITY = YES;
				ENABLE_USER_SCRIPT_SANDBOXING = YES;
				GCC_C_LANGUAGE_STANDARD = gnu17;
				GCC_DYNAMIC_NO_PIC = NO;
				GCC_NO_COMMON_BLOCKS = YES;
				GCC_OPTIMIZATION_LEVEL = 0;
				GCC_PREPROCESSOR_DEFINITIONS = (
					"DEBUG=1",
					"$(inherited)",
				);
				GCC_WARN_64_TO_32_BIT_CONVERSION = YES;
				GCC_WARN_ABOUT_RETURN_TYPE = YES_ERROR;
				GCC_WARN_UNDECLARED_SELECTOR = YES;
				GCC_WARN_UNINITIALIZED_AUTOS = YES_AGGRESSIVE;
				GCC_WARN_UNUSED_FUNCTION = YES;
				GCC_WARN_UNUSED_VARIABLE = YES;
				IPHONEOS_DEPLOYMENT_TARGET = 18.2;
				LOCALIZATION_PREFERS_STRING_CATALOGS = YES;
				MTL_ENABLE_DEBUG_INFO = INCLUDE_SOURCE;
				MTL_FAST_MATH = YES;
				ONLY_ACTIVE_ARCH = YES;
				SDKROOT = iphoneos;
				SWIFT_ACTIVE_COMPILATION_CONDITIONS = "DEBUG $(inherited)";
				SWIFT_OPTIMIZATION_LEVEL = "-Onone";
			};
			name = Debug;
		};
		B6D4C74F2D3A6DC900AB1951 /* Release */ = {
			isa = XCBuildConfiguration;
			buildSettings = {
				ALWAYS_SEARCH_USER_PATHS = NO;
				ASSETCATALOG_COMPILER_GENERATE_SWIFT_ASSET_SYMBOL_EXTENSIONS = YES;
				CLANG_ANALYZER_NONNULL = YES;
				CLANG_ANALYZER_NUMBER_OBJECT_CONVERSION = YES_AGGRESSIVE;
				CLANG_CXX_LANGUAGE_STANDARD = "gnu++20";
				CLANG_ENABLE_MODULES = YES;
				CLANG_ENABLE_OBJC_ARC = YES;
				CLANG_ENABLE_OBJC_WEAK = YES;
				CLANG_WARN_BLOCK_CAPTURE_AUTORELEASING = YES;
				CLANG_WARN_BOOL_CONVERSION = YES;
				CLANG_WARN_COMMA = YES;
				CLANG_WARN_CONSTANT_CONVERSION = YES;
				CLANG_WARN_DEPRECATED_OBJC_IMPLEMENTATIONS = YES;
				CLANG_WARN_DIRECT_OBJC_ISA_USAGE = YES_ERROR;
				CLANG_WARN_DOCUMENTATION_COMMENTS = YES;
				CLANG_WARN_EMPTY_BODY = YES;
				CLANG_WARN_ENUM_CONVERSION = YES;
				CLANG_WARN_INFINITE_RECURSION = YES;
				CLANG_WARN_INT_CONVERSION = YES;
				CLANG_WARN_NON_LITERAL_NULL_CONVERSION = YES;
				CLANG_WARN_OBJC_IMPLICIT_RETAIN_SELF = YES;
				CLANG_WARN_OBJC_LITERAL_CONVERSION = YES;
				CLANG_WARN_OBJC_ROOT_CLASS = YES_ERROR;
				CLANG_WARN_QUOTED_INCLUDE_IN_FRAMEWORK_HEADER = YES;
				CLANG_WARN_RANGE_LOOP_ANALYSIS = YES;
				CLANG_WARN_STRICT_PROTOTYPES = YES;
				CLANG_WARN_SUSPICIOUS_MOVE = YES;
				CLANG_WARN_UNGUARDED_AVAILABILITY = YES_AGGRESSIVE;
				CLANG_WARN_UNREACHABLE_CODE = YES;
				CLANG_WARN__DUPLICATE_METHOD_MATCH = YES;
				COPY_PHASE_STRIP = NO;
				DEBUG_INFORMATION_FORMAT = "dwarf-with-dsym";
				ENABLE_NS_ASSERTIONS = NO;
				ENABLE_STRICT_OBJC_MSGSEND = YES;
				ENABLE_USER_SCRIPT_SANDBOXING = YES;
				GCC_C_LANGUAGE_STANDARD = gnu17;
				GCC_NO_COMMON_BLOCKS = YES;
				GCC_WARN_64_TO_32_BIT_CONVERSION = YES;
				GCC_WARN_ABOUT_RETURN_TYPE = YES_ERROR;
				GCC_WARN_UNDECLARED_SELECTOR = YES;
				GCC_WARN_UNINITIALIZED_AUTOS = YES_AGGRESSIVE;
				GCC_WARN_UNUSED_FUNCTION = YES;
				GCC_WARN_UNUSED_VARIABLE = YES;
				IPHONEOS_DEPLOYMENT_TARGET = 18.2;
				LOCALIZATION_PREFERS_STRING_CATALOGS = YES;
				MTL_ENABLE_DEBUG_INFO = NO;
				MTL_FAST_MATH = YES;
				SDKROOT = iphoneos;
				SWIFT_COMPILATION_MODE = wholemodule;
				VALIDATE_PRODUCT = YES;
			};
			name = Release;
		};
		B6D4C7512D3A6DC900AB1951 /* Debug */ = {
			isa = XCBuildConfiguration;
			buildSettings = {
				BUNDLE_LOADER = "$(TEST_HOST)";
				CODE_SIGN_STYLE = Automatic;
				CURRENT_PROJECT_VERSION = 1;
				GENERATE_INFOPLIST_FILE = YES;
				IPHONEOS_DEPLOYMENT_TARGET = 18.2;
				MARKETING_VERSION = 1.0;
				PRODUCT_BUNDLE_IDENTIFIER = com.accborba.GitSwiftListTests;
				PRODUCT_NAME = "$(TARGET_NAME)";
				SWIFT_EMIT_LOC_STRINGS = NO;
				SWIFT_VERSION = 5.0;
				TARGETED_DEVICE_FAMILY = "1,2";
				TEST_HOST = "$(BUILT_PRODUCTS_DIR)/GitSwiftList.app/$(BUNDLE_EXECUTABLE_FOLDER_PATH)/GitSwiftList";
			};
			name = Debug;
		};
		B6D4C7522D3A6DC900AB1951 /* Release */ = {
			isa = XCBuildConfiguration;
			buildSettings = {
				BUNDLE_LOADER = "$(TEST_HOST)";
				CODE_SIGN_STYLE = Automatic;
				CURRENT_PROJECT_VERSION = 1;
				GENERATE_INFOPLIST_FILE = YES;
				IPHONEOS_DEPLOYMENT_TARGET = 18.2;
				MARKETING_VERSION = 1.0;
				PRODUCT_BUNDLE_IDENTIFIER = com.accborba.GitSwiftListTests;
				PRODUCT_NAME = "$(TARGET_NAME)";
				SWIFT_EMIT_LOC_STRINGS = NO;
				SWIFT_VERSION = 5.0;
				TARGETED_DEVICE_FAMILY = "1,2";
				TEST_HOST = "$(BUILT_PRODUCTS_DIR)/GitSwiftList.app/$(BUNDLE_EXECUTABLE_FOLDER_PATH)/GitSwiftList";
			};
			name = Release;
		};
		B6D4C7542D3A6DC900AB1951 /* Debug */ = {
			isa = XCBuildConfiguration;
			buildSettings = {
				CODE_SIGN_STYLE = Automatic;
				CURRENT_PROJECT_VERSION = 1;
				GENERATE_INFOPLIST_FILE = YES;
				MARKETING_VERSION = 1.0;
				PRODUCT_BUNDLE_IDENTIFIER = com.accborba.GitSwiftListUITests;
				PRODUCT_NAME = "$(TARGET_NAME)";
				SWIFT_EMIT_LOC_STRINGS = NO;
				SWIFT_VERSION = 5.0;
				TARGETED_DEVICE_FAMILY = "1,2";
				TEST_TARGET_NAME = GitSwiftList;
			};
			name = Debug;
		};
		B6D4C7552D3A6DC900AB1951 /* Release */ = {
			isa = XCBuildConfiguration;
			buildSettings = {
				CODE_SIGN_STYLE = Automatic;
				CURRENT_PROJECT_VERSION = 1;
				GENERATE_INFOPLIST_FILE = YES;
				MARKETING_VERSION = 1.0;
				PRODUCT_BUNDLE_IDENTIFIER = com.accborba.GitSwiftListUITests;
				PRODUCT_NAME = "$(TARGET_NAME)";
				SWIFT_EMIT_LOC_STRINGS = NO;
				SWIFT_VERSION = 5.0;
				TARGETED_DEVICE_FAMILY = "1,2";
				TEST_TARGET_NAME = GitSwiftList;
			};
			name = Release;
		};
/* End XCBuildConfiguration section */

/* Begin XCConfigurationList section */
		B6D4C71D2D3A6DC800AB1951 /* Build configuration list for PBXProject "GitSwiftList" */ = {
			isa = XCConfigurationList;
			buildConfigurations = (
				B6D4C74E2D3A6DC900AB1951 /* Debug */,
				B6D4C74F2D3A6DC900AB1951 /* Release */,
			);
			defaultConfigurationIsVisible = 0;
			defaultConfigurationName = Release;
		};
		B6D4C74B2D3A6DC900AB1951 /* Build configuration list for PBXNativeTarget "GitSwiftList" */ = {
			isa = XCConfigurationList;
			buildConfigurations = (
				B6D4C74C2D3A6DC900AB1951 /* Debug */,
				B6D4C74D2D3A6DC900AB1951 /* Release */,
			);
			defaultConfigurationIsVisible = 0;
			defaultConfigurationName = Release;
		};
		B6D4C7502D3A6DC900AB1951 /* Build configuration list for PBXNativeTarget "GitSwiftListTests" */ = {
			isa = XCConfigurationList;
			buildConfigurations = (
				B6D4C7512D3A6DC900AB1951 /* Debug */,
				B6D4C7522D3A6DC900AB1951 /* Release */,
			);
			defaultConfigurationIsVisible = 0;
			defaultConfigurationName = Release;
		};
		B6D4C7532D3A6DC900AB1951 /* Build configuration list for PBXNativeTarget "GitSwiftListUITests" */ = {
			isa = XCConfigurationList;
			buildConfigurations = (
				B6D4C7542D3A6DC900AB1951 /* Debug */,
				B6D4C7552D3A6DC900AB1951 /* Release */,
			);
			defaultConfigurationIsVisible = 0;
			defaultConfigurationName = Release;
		};
/* End XCConfigurationList section */

/* Begin XCRemoteSwiftPackageReference section */
		B6D4C75B2D3A6FE400AB1951 /* XCRemoteSwiftPackageReference "lottie-ios" */ = {
			isa = XCRemoteSwiftPackageReference;
			repositoryURL = "https://github.com/airbnb/lottie-ios.git";
			requirement = {
				kind = upToNextMajorVersion;
				minimumVersion = 4.5.1;
			};
		};
		B6D4C7612D3A735400AB1951 /* XCRemoteSwiftPackageReference "SnapKit" */ = {
			isa = XCRemoteSwiftPackageReference;
			repositoryURL = "https://github.com/SnapKit/SnapKit.git";
			requirement = {
				kind = upToNextMajorVersion;
				minimumVersion = 5.7.1;
			};
		};
/* End XCRemoteSwiftPackageReference section */

/* Begin XCSwiftPackageProductDependency section */
		B6D4C75C2D3A6FE400AB1951 /* Lottie */ = {
			isa = XCSwiftPackageProductDependency;
			package = B6D4C75B2D3A6FE400AB1951 /* XCRemoteSwiftPackageReference "lottie-ios" */;
			productName = Lottie;
		};
		B6D4C7622D3A735400AB1951 /* SnapKit */ = {
			isa = XCSwiftPackageProductDependency;
			package = B6D4C7612D3A735400AB1951 /* XCRemoteSwiftPackageReference "SnapKit" */;
			productName = SnapKit;
		};
/* End XCSwiftPackageProductDependency section */
	};
	rootObject = B6D4C71A2D3A6DC800AB1951 /* Project object */;
}
